PODS:
  - Flutter (1.0.0)
  - sound_flutter (0.0.1):
    - Flutter

DEPENDENCIES:
  - Flutter (from `Flutter`)
  - sound_flutter (from `.symlinks/plugins/sound_flutter/ios`)

EXTERNAL SOURCES:
  Flutter:
    :path: Flutter
  sound_flutter:
    :path: ".symlinks/plugins/sound_flutter/ios"

SPEC CHECKSUMS:
  Flutter: cabc95a1d2626b1b06e7179b784ebcf0c0cde467
  sound_flutter: 3c96a728c231ff36de2e746df77d538cfde0a8d0

PODFILE CHECKSUM: 3c63482e143d1b91d2d2560aee9fb04ecc74ac7e

COCOAPODS: 1.16.2
